
Microsoft Visual Studio Solution File, Format Version 12.00
# Visual Studio Version 17
VisualStudioVersion = 17.11.35312.102
MinimumVisualStudioVersion = 10.0.40219.1
Project("{9A19103F-16F7-4668-BE54-9A1E7A4F7556}") = "Robo", "Robo.csproj", "{B4168C04-E8A7-4304-8B4A-308023E32F7F}"
EndProject
Global
	GlobalSection(SolutionConfigurationPlatforms) = preSolution
		Debug|Any CPU = Debug|Any CPU
		Release|Any CPU = Release|Any CPU
	EndGlobalSection
	GlobalSection(ProjectConfigurationPlatforms) = postSolution
		{B4168C04-E8A7-4304-8B4A-308023E32F7F}.Debug|Any CPU.ActiveCfg = Debug|Any CPU
		{B4168C04-E8A7-4304-8B4A-308023E32F7F}.Debug|Any CPU.Build.0 = Debug|Any CPU
		{B4168C04-E8A7-4304-8B4A-308023E32F7F}.Release|Any CPU.ActiveCfg = Release|Any CPU
		{B4168C04-E8A7-4304-8B4A-308023E32F7F}.Release|Any CPU.Build.0 = Release|Any CPU
	EndGlobalSection
	GlobalSection(SolutionProperties) = preSolution
		HideSolutionNode = FALSE
	EndGlobalSection
	GlobalSection(ExtensibilityGlobals) = postSolution
		SolutionGuid = {7A88A8BD-C7CA-43D8-B77F-F6D8EB74B668}
	EndGlobalSection
EndGlobal
